
Microsoft Visual Studio Solution File, Format Version 12.00
# Visual Studio 15
VisualStudioVersion = 15.0.26124.0
MinimumVisualStudioVersion = 15.0.26124.0
Project("{FAE04EC0-301F-11D3-BF4B-00C04F79EFBC}") = "API", "API\API.csproj", "{81117006-666A-47CE-B68F-6BABD2CE9BAF}"
EndProject
Project("{FAE04EC0-301F-11D3-BF4B-00C04F79EFBC}") = "Core", "Core\Core.csproj", "{059C2BD8-0F37-4891-B909-908B562396E2}"
EndProject
Project("{FAE04EC0-301F-11D3-BF4B-00C04F79EFBC}") = "Infrastructure", "Infrastructure\Infrastructure.csproj", "{82B8EC8B-0CAC-4497-915F-AE4CA534DFD8}"
EndProject
Global
	GlobalSection(SolutionConfigurationPlatforms) = preSolution
		Debug|Any CPU = Debug|Any CPU
		Debug|x64 = Debug|x64
		Debug|x86 = Debug|x86
		Release|Any CPU = Release|Any CPU
		Release|x64 = Release|x64
		Release|x86 = Release|x86
	EndGlobalSection
	GlobalSection(SolutionProperties) = preSolution
		HideSolutionNode = FALSE
	EndGlobalSection
	GlobalSection(ProjectConfigurationPlatforms) = postSolution
		{81117006-666A-47CE-B68F-6BABD2CE9BAF}.Debug|Any CPU.ActiveCfg = Debug|Any CPU
		{81117006-666A-47CE-B68F-6BABD2CE9BAF}.Debug|Any CPU.Build.0 = Debug|Any CPU
		{81117006-666A-47CE-B68F-6BABD2CE9BAF}.Debug|x64.ActiveCfg = Debug|Any CPU
		{81117006-666A-47CE-B68F-6BABD2CE9BAF}.Debug|x64.Build.0 = Debug|Any CPU
		{81117006-666A-47CE-B68F-6BABD2CE9BAF}.Debug|x86.ActiveCfg = Debug|Any CPU
		{81117006-666A-47CE-B68F-6BABD2CE9BAF}.Debug|x86.Build.0 = Debug|Any CPU
		{81117006-666A-47CE-B68F-6BABD2CE9BAF}.Release|Any CPU.ActiveCfg = Release|Any CPU
		{81117006-666A-47CE-B68F-6BABD2CE9BAF}.Release|Any CPU.Build.0 = Release|Any CPU
		{81117006-666A-47CE-B68F-6BABD2CE9BAF}.Release|x64.ActiveCfg = Release|Any CPU
		{81117006-666A-47CE-B68F-6BABD2CE9BAF}.Release|x64.Build.0 = Release|Any CPU
		{81117006-666A-47CE-B68F-6BABD2CE9BAF}.Release|x86.ActiveCfg = Release|Any CPU
		{81117006-666A-47CE-B68F-6BABD2CE9BAF}.Release|x86.Build.0 = Release|Any CPU
		{059C2BD8-0F37-4891-B909-908B562396E2}.Debug|Any CPU.ActiveCfg = Debug|Any CPU
		{059C2BD8-0F37-4891-B909-908B562396E2}.Debug|Any CPU.Build.0 = Debug|Any CPU
		{059C2BD8-0F37-4891-B909-908B562396E2}.Debug|x64.ActiveCfg = Debug|Any CPU
		{059C2BD8-0F37-4891-B909-908B562396E2}.Debug|x64.Build.0 = Debug|Any CPU
		{059C2BD8-0F37-4891-B909-908B562396E2}.Debug|x86.ActiveCfg = Debug|Any CPU
		{059C2BD8-0F37-4891-B909-908B562396E2}.Debug|x86.Build.0 = Debug|Any CPU
		{059C2BD8-0F37-4891-B909-908B562396E2}.Release|Any CPU.ActiveCfg = Release|Any CPU
		{059C2BD8-0F37-4891-B909-908B562396E2}.Release|Any CPU.Build.0 = Release|Any CPU
		{059C2BD8-0F37-4891-B909-908B562396E2}.Release|x64.ActiveCfg = Release|Any CPU
		{059C2BD8-0F37-4891-B909-908B562396E2}.Release|x64.Build.0 = Release|Any CPU
		{059C2BD8-0F37-4891-B909-908B562396E2}.Release|x86.ActiveCfg = Release|Any CPU
		{059C2BD8-0F37-4891-B909-908B562396E2}.Release|x86.Build.0 = Release|Any CPU
		{82B8EC8B-0CAC-4497-915F-AE4CA534DFD8}.Debug|Any CPU.ActiveCfg = Debug|Any CPU
		{82B8EC8B-0CAC-4497-915F-AE4CA534DFD8}.Debug|Any CPU.Build.0 = Debug|Any CPU
		{82B8EC8B-0CAC-4497-915F-AE4CA534DFD8}.Debug|x64.ActiveCfg = Debug|Any CPU
		{82B8EC8B-0CAC-4497-915F-AE4CA534DFD8}.Debug|x64.Build.0 = Debug|Any CPU
		{82B8EC8B-0CAC-4497-915F-AE4CA534DFD8}.Debug|x86.ActiveCfg = Debug|Any CPU
		{82B8EC8B-0CAC-4497-915F-AE4CA534DFD8}.Debug|x86.Build.0 = Debug|Any CPU
		{82B8EC8B-0CAC-4497-915F-AE4CA534DFD8}.Release|Any CPU.ActiveCfg = Release|Any CPU
		{82B8EC8B-0CAC-4497-915F-AE4CA534DFD8}.Release|Any CPU.Build.0 = Release|Any CPU
		{82B8EC8B-0CAC-4497-915F-AE4CA534DFD8}.Release|x64.ActiveCfg = Release|Any CPU
		{82B8EC8B-0CAC-4497-915F-AE4CA534DFD8}.Release|x64.Build.0 = Release|Any CPU
		{82B8EC8B-0CAC-4497-915F-AE4CA534DFD8}.Release|x86.ActiveCfg = Release|Any CPU
		{82B8EC8B-0CAC-4497-915F-AE4CA534DFD8}.Release|x86.Build.0 = Release|Any CPU
	EndGlobalSection
EndGlobal
